// !$*UTF8*$!
{
	archiveVersion = 1;
	classes = {
	};
	objectVersion = 56;
	objects = {

/* Begin PBXBuildFile section */
		0E8F67D12952DB2A0014669F /* AddGoal.swift in Sources */ = {isa = PBXBuildFile; fileRef = 0E8F67D02952DB2A0014669F /* AddGoal.swift */; };
		0E8F67D32953BEB90014669F /* Camera.swift in Sources */ = {isa = PBXBuildFile; fileRef = 0E8F67D22953BEB90014669F /* Camera.swift */; };
		0E8F67D52953BF5B0014669F /* Coordinator.swift in Sources */ = {isa = PBXBuildFile; fileRef = 0E8F67D42953BF5B0014669F /* Coordinator.swift */; };
		0E8F67D72953C03F0014669F /* AddMilestone.swift in Sources */ = {isa = PBXBuildFile; fileRef = 0E8F67D62953C03F0014669F /* AddMilestone.swift */; };
		0E8F67D92966A80C0014669F /* PostView.swift in Sources */ = {isa = PBXBuildFile; fileRef = 0E8F67D82966A80C0014669F /* PostView.swift */; };
		0E8F67DB2966B2350014669F /* Goal.swift in Sources */ = {isa = PBXBuildFile; fileRef = 0E8F67DA2966B2350014669F /* Goal.swift */; };
		0EEB0B4329A71ED2009FF37C /* ProfileBubbleView.swift in Sources */ = {isa = PBXBuildFile; fileRef = 0EEB0B4229A71ED2009FF37C /* ProfileBubbleView.swift */; };
		8C070DD129D64296006FDD7D /* LineView.swift in Sources */ = {isa = PBXBuildFile; fileRef = 8C070DD029D64296006FDD7D /* LineView.swift */; };
		8C070DD429D6431A006FDD7D /* MilestoneImageView.swift in Sources */ = {isa = PBXBuildFile; fileRef = 8C070DD329D6431A006FDD7D /* MilestoneImageView.swift */; };
		8C070DD829D64461006FDD7D /* EmptyMilestoneMessage.swift in Sources */ = {isa = PBXBuildFile; fileRef = 8C070DD729D64461006FDD7D /* EmptyMilestoneMessage.swift */; };
		8C070DDC29D64934006FDD7D /* MilestoneChain.swift in Sources */ = {isa = PBXBuildFile; fileRef = 8C070DDB29D64934006FDD7D /* MilestoneChain.swift */; };
		8C2A2485292D82EE008E2345 /* HomeScreen.swift in Sources */ = {isa = PBXBuildFile; fileRef = 8C2A2484292D82EE008E2345 /* HomeScreen.swift */; };
		8C2A2487292DAA32008E2345 /* InformationPage.swift in Sources */ = {isa = PBXBuildFile; fileRef = 8C2A2486292DAA32008E2345 /* InformationPage.swift */; };
		8C2A2489292DB03B008E2345 /* PapaClass.swift in Sources */ = {isa = PBXBuildFile; fileRef = 8C2A2488292DB03B008E2345 /* PapaClass.swift */; };
		8C2A248B292DB5FE008E2345 /* Profile.swift in Sources */ = {isa = PBXBuildFile; fileRef = 8C2A248A292DB5FE008E2345 /* Profile.swift */; };
		8C2B2F6529D8C30400D07A99 /* Tester.swift in Sources */ = {isa = PBXBuildFile; fileRef = 8C2B2F6429D8C30400D07A99 /* Tester.swift */; };
		8C2B2F6729D8C32200D07A99 /* SlideUpView.swift in Sources */ = {isa = PBXBuildFile; fileRef = 8C2B2F6629D8C32200D07A99 /* SlideUpView.swift */; };
		8C3DE42C2A009F770027EED0 /* IntroductionVideo.swift in Sources */ = {isa = PBXBuildFile; fileRef = 8C3DE42B2A009F770027EED0 /* IntroductionVideo.swift */; };
		8C3DE42E2A00AD990027EED0 /* pexels-mohan-reddy-4250244-1440x2160-60fps.mov in Resources */ = {isa = PBXBuildFile; fileRef = 8C3DE42D2A00AD990027EED0 /* pexels-mohan-reddy-4250244-1440x2160-60fps.mov */; };
		8C3EC7BA2954EF03005DC346 /* Milestone.swift in Sources */ = {isa = PBXBuildFile; fileRef = 8C3EC7B92954EF03005DC346 /* Milestone.swift */; };
		8C43DB3F293032FA005B6E24 /* Tree.swift in Sources */ = {isa = PBXBuildFile; fileRef = 8C43DB3E293032FA005B6E24 /* Tree.swift */; };
		8C55824D29D8B041005680DC /* ColorSelector.swift in Sources */ = {isa = PBXBuildFile; fileRef = 8C55824C29D8B041005680DC /* ColorSelector.swift */; };
		8C7A0E3029D54B270025CD76 /* Main.swift in Sources */ = {isa = PBXBuildFile; fileRef = 8C7A0E2F29D54B270025CD76 /* Main.swift */; };
		8C7A0E3529D54D1E0025CD76 /* Account.swift in Sources */ = {isa = PBXBuildFile; fileRef = 8C7A0E3429D54D1E0025CD76 /* Account.swift */; };
		8C7A0E3829D550930025CD76 /* GoalDisplay.swift in Sources */ = {isa = PBXBuildFile; fileRef = 8C7A0E3729D550930025CD76 /* GoalDisplay.swift */; };
		8C7FD53329DF576C0036266E /* SQLite in Frameworks */ = {isa = PBXBuildFile; productRef = 8C7FD53229DF576C0036266E /* SQLite */; };
		8CB5149D2A00B197002AC434 /* pexels-mohan-reddy-4250244-1440x2160-60fps.mp4 in Resources */ = {isa = PBXBuildFile; fileRef = 8CB5149C2A00B197002AC434 /* pexels-mohan-reddy-4250244-1440x2160-60fps.mp4 */; };
		8CC6512D29EA803C00D534AD /* FirebaseAnalytics in Frameworks */ = {isa = PBXBuildFile; productRef = 8CC6512C29EA803C00D534AD /* FirebaseAnalytics */; };
		8CC6512F29EA803C00D534AD /* FirebaseAnalyticsSwift in Frameworks */ = {isa = PBXBuildFile; productRef = 8CC6512E29EA803C00D534AD /* FirebaseAnalyticsSwift */; };
		8CC6513129EA803C00D534AD /* FirebaseDatabase in Frameworks */ = {isa = PBXBuildFile; productRef = 8CC6513029EA803C00D534AD /* FirebaseDatabase */; };
		8CC6513329EA803C00D534AD /* FirebaseDatabaseSwift in Frameworks */ = {isa = PBXBuildFile; productRef = 8CC6513229EA803C00D534AD /* FirebaseDatabaseSwift */; };
		8CC6513529F2FE4200D534AD /* KeyboardObserver.swift in Sources */ = {isa = PBXBuildFile; fileRef = 8CC6513429F2FE4200D534AD /* KeyboardObserver.swift */; };
		8CC6513729F88E1E00D534AD /* Gesture_Recognizer.swift in Sources */ = {isa = PBXBuildFile; fileRef = 8CC6513629F88E1E00D534AD /* Gesture_Recognizer.swift */; };
		8CFEC8A32929771400D81934 /* MainFeed.swift in Sources */ = {isa = PBXBuildFile; fileRef = 8CFEC8A22929771400D81934 /* MainFeed.swift */; };
		8CFEC8A52929771500D81934 /* Assets.xcassets in Resources */ = {isa = PBXBuildFile; fileRef = 8CFEC8A42929771500D81934 /* Assets.xcassets */; };
		8CFEC8A82929771500D81934 /* Preview Assets.xcassets in Resources */ = {isa = PBXBuildFile; fileRef = 8CFEC8A72929771500D81934 /* Preview Assets.xcassets */; };
/* End PBXBuildFile section */

/* Begin PBXFileReference section */
		0E8F67D02952DB2A0014669F /* AddGoal.swift */ = {isa = PBXFileReference; lastKnownFileType = sourcecode.swift; path = AddGoal.swift; sourceTree = "<group>"; };
		0E8F67D22953BEB90014669F /* Camera.swift */ = {isa = PBXFileReference; lastKnownFileType = sourcecode.swift; path = Camera.swift; sourceTree = "<group>"; };
		0E8F67D42953BF5B0014669F /* Coordinator.swift */ = {isa = PBXFileReference; lastKnownFileType = sourcecode.swift; path = Coordinator.swift; sourceTree = "<group>"; };
		0E8F67D62953C03F0014669F /* AddMilestone.swift */ = {isa = PBXFileReference; lastKnownFileType = sourcecode.swift; path = AddMilestone.swift; sourceTree = "<group>"; };
		0E8F67D82966A80C0014669F /* PostView.swift */ = {isa = PBXFileReference; lastKnownFileType = sourcecode.swift; path = PostView.swift; sourceTree = "<group>"; };
		0E8F67DA2966B2350014669F /* Goal.swift */ = {isa = PBXFileReference; lastKnownFileType = sourcecode.swift; path = Goal.swift; sourceTree = "<group>"; };
		0EEB0B4229A71ED2009FF37C /* ProfileBubbleView.swift */ = {isa = PBXFileReference; lastKnownFileType = sourcecode.swift; path = ProfileBubbleView.swift; sourceTree = "<group>"; };
		8C070DD029D64296006FDD7D /* LineView.swift */ = {isa = PBXFileReference; lastKnownFileType = sourcecode.swift; path = LineView.swift; sourceTree = "<group>"; };
		8C070DD329D6431A006FDD7D /* MilestoneImageView.swift */ = {isa = PBXFileReference; lastKnownFileType = sourcecode.swift; path = MilestoneImageView.swift; sourceTree = "<group>"; };
		8C070DD729D64461006FDD7D /* EmptyMilestoneMessage.swift */ = {isa = PBXFileReference; lastKnownFileType = sourcecode.swift; path = EmptyMilestoneMessage.swift; sourceTree = "<group>"; };
		8C070DDB29D64934006FDD7D /* MilestoneChain.swift */ = {isa = PBXFileReference; lastKnownFileType = sourcecode.swift; path = MilestoneChain.swift; sourceTree = "<group>"; };
		8C2A2484292D82EE008E2345 /* HomeScreen.swift */ = {isa = PBXFileReference; lastKnownFileType = sourcecode.swift; path = HomeScreen.swift; sourceTree = "<group>"; };
		8C2A2486292DAA32008E2345 /* InformationPage.swift */ = {isa = PBXFileReference; lastKnownFileType = sourcecode.swift; path = InformationPage.swift; sourceTree = "<group>"; };
		8C2A2488292DB03B008E2345 /* PapaClass.swift */ = {isa = PBXFileReference; lastKnownFileType = sourcecode.swift; path = PapaClass.swift; sourceTree = "<group>"; };
		8C2A248A292DB5FE008E2345 /* Profile.swift */ = {isa = PBXFileReference; lastKnownFileType = sourcecode.swift; path = Profile.swift; sourceTree = "<group>"; };
		8C2B2F6429D8C30400D07A99 /* Tester.swift */ = {isa = PBXFileReference; lastKnownFileType = sourcecode.swift; path = Tester.swift; sourceTree = "<group>"; };
		8C2B2F6629D8C32200D07A99 /* SlideUpView.swift */ = {isa = PBXFileReference; lastKnownFileType = sourcecode.swift; path = SlideUpView.swift; sourceTree = "<group>"; };
		8C3DE42B2A009F770027EED0 /* IntroductionVideo.swift */ = {isa = PBXFileReference; lastKnownFileType = sourcecode.swift; path = IntroductionVideo.swift; sourceTree = "<group>"; };
		8C3DE42D2A00AD990027EED0 /* pexels-mohan-reddy-4250244-1440x2160-60fps.mov */ = {isa = PBXFileReference; lastKnownFileType = video.quicktime; path = "pexels-mohan-reddy-4250244-1440x2160-60fps.mov"; sourceTree = "<group>"; };
		8C3EC7B92954EF03005DC346 /* Milestone.swift */ = {isa = PBXFileReference; lastKnownFileType = sourcecode.swift; path = Milestone.swift; sourceTree = "<group>"; };
		8C43DB3E293032FA005B6E24 /* Tree.swift */ = {isa = PBXFileReference; lastKnownFileType = sourcecode.swift; path = Tree.swift; sourceTree = "<group>"; };
		8C55824C29D8B041005680DC /* ColorSelector.swift */ = {isa = PBXFileReference; lastKnownFileType = sourcecode.swift; path = ColorSelector.swift; sourceTree = "<group>"; };
		8C7A0E2F29D54B270025CD76 /* Main.swift */ = {isa = PBXFileReference; lastKnownFileType = sourcecode.swift; path = Main.swift; sourceTree = "<group>"; };
		8C7A0E3429D54D1E0025CD76 /* Account.swift */ = {isa = PBXFileReference; lastKnownFileType = sourcecode.swift; path = Account.swift; sourceTree = "<group>"; };
		8C7A0E3729D550930025CD76 /* GoalDisplay.swift */ = {isa = PBXFileReference; lastKnownFileType = sourcecode.swift; path = GoalDisplay.swift; sourceTree = "<group>"; };
		8CB5149C2A00B197002AC434 /* pexels-mohan-reddy-4250244-1440x2160-60fps.mp4 */ = {isa = PBXFileReference; lastKnownFileType = file; path = "pexels-mohan-reddy-4250244-1440x2160-60fps.mp4"; sourceTree = "<group>"; };
		8CC6513429F2FE4200D534AD /* KeyboardObserver.swift */ = {isa = PBXFileReference; lastKnownFileType = sourcecode.swift; path = KeyboardObserver.swift; sourceTree = "<group>"; };
		8CC6513629F88E1E00D534AD /* Gesture_Recognizer.swift */ = {isa = PBXFileReference; lastKnownFileType = sourcecode.swift; path = Gesture_Recognizer.swift; sourceTree = "<group>"; };
		8CFEC89D2929771400D81934 /* Goalshare tree2.app */ = {isa = PBXFileReference; explicitFileType = wrapper.application; includeInIndex = 0; path = "Goalshare tree2.app"; sourceTree = BUILT_PRODUCTS_DIR; };
		8CFEC8A22929771400D81934 /* MainFeed.swift */ = {isa = PBXFileReference; lastKnownFileType = sourcecode.swift; path = MainFeed.swift; sourceTree = "<group>"; };
		8CFEC8A42929771500D81934 /* Assets.xcassets */ = {isa = PBXFileReference; lastKnownFileType = folder.assetcatalog; name = Assets.xcassets; path = "Goalshare tree2/Assets.xcassets"; sourceTree = SOURCE_ROOT; };
		8CFEC8A72929771500D81934 /* Preview Assets.xcassets */ = {isa = PBXFileReference; lastKnownFileType = folder.assetcatalog; path = "Preview Assets.xcassets"; sourceTree = "<group>"; };
/* End PBXFileReference section */

/* Begin PBXFrameworksBuildPhase section */
		8CFEC89A2929771400D81934 /* Frameworks */ = {
			isa = PBXFrameworksBuildPhase;
			buildActionMask = 2147483647;
			files = (
				8CC6513329EA803C00D534AD /* FirebaseDatabaseSwift in Frameworks */,
				8CC6512F29EA803C00D534AD /* FirebaseAnalyticsSwift in Frameworks */,
				8CC6512D29EA803C00D534AD /* FirebaseAnalytics in Frameworks */,
				8CC6513129EA803C00D534AD /* FirebaseDatabase in Frameworks */,
				8C7FD53329DF576C0036266E /* SQLite in Frameworks */,
			);
			runOnlyForDeploymentPostprocessing = 0;
		};
/* End PBXFrameworksBuildPhase section */

/* Begin PBXGroup section */
		8C070DD229D642F9006FDD7D /* Tree Subviews */ = {
			isa = PBXGroup;
			children = (
				8C070DD029D64296006FDD7D /* LineView.swift */,
				8C070DD329D6431A006FDD7D /* MilestoneImageView.swift */,
				8C070DD729D64461006FDD7D /* EmptyMilestoneMessage.swift */,
				8C070DDB29D64934006FDD7D /* MilestoneChain.swift */,
			);
			path = "Tree Subviews";
			sourceTree = "<group>";
		};
		8C2B2F6829D8C71500D07A99 /* slideup transition reference */ = {
			isa = PBXGroup;
			children = (
				8C2B2F6429D8C30400D07A99 /* Tester.swift */,
				8C2B2F6629D8C32200D07A99 /* SlideUpView.swift */,
			);
			path = "slideup transition reference";
			sourceTree = "<group>";
		};
		8C547FAB29A718AD00B5EB2F /* Stuff for later */ = {
			isa = PBXGroup;
			children = (
				8C2A2484292D82EE008E2345 /* HomeScreen.swift */,
				8C2A2486292DAA32008E2345 /* InformationPage.swift */,
				8C2A2488292DB03B008E2345 /* PapaClass.swift */,
				8CFEC8A22929771400D81934 /* MainFeed.swift */,
			);
			path = "Stuff for later";
			sourceTree = "<group>";
		};
		8C7A0E3129D54B490025CD76 /* Profile Subviews */ = {
			isa = PBXGroup;
			children = (
				8C7A0E3729D550930025CD76 /* GoalDisplay.swift */,
				0EEB0B4229A71ED2009FF37C /* ProfileBubbleView.swift */,
			);
			path = "Profile Subviews";
			sourceTree = "<group>";
		};
		8C7A0E3229D54B8F0025CD76 /* Tools */ = {
			isa = PBXGroup;
			children = (
				0E8F67D42953BF5B0014669F /* Coordinator.swift */,
				0E8F67D22953BEB90014669F /* Camera.swift */,
			);
			path = Tools;
			sourceTree = "<group>";
		};
		8C7A0E3329D54BBB0025CD76 /* Swift files */ = {
			isa = PBXGroup;
			children = (
				8CB5149C2A00B197002AC434 /* pexels-mohan-reddy-4250244-1440x2160-60fps.mp4 */,
				8C3DE42D2A00AD990027EED0 /* pexels-mohan-reddy-4250244-1440x2160-60fps.mov */,
				8C7A0E3429D54D1E0025CD76 /* Account.swift */,
				0E8F67DA2966B2350014669F /* Goal.swift */,
				8C3EC7B92954EF03005DC346 /* Milestone.swift */,
			);
			path = "Swift files";
			sourceTree = "<group>";
		};
		8CFEC8942929771400D81934 = {
			isa = PBXGroup;
			children = (
				8C2B2F6829D8C71500D07A99 /* slideup transition reference */,
				8C547FAB29A718AD00B5EB2F /* Stuff for later */,
				8CFEC89F2929771400D81934 /* Goalshare tree2 */,
				8CFEC89E2929771400D81934 /* Products */,
			);
			sourceTree = "<group>";
		};
		8CFEC89E2929771400D81934 /* Products */ = {
			isa = PBXGroup;
			children = (
				8CFEC89D2929771400D81934 /* Goalshare tree2.app */,
			);
			name = Products;
			sourceTree = "<group>";
		};
		8CFEC89F2929771400D81934 /* Goalshare tree2 */ = {
			isa = PBXGroup;
			children = (
				8C7A0E3229D54B8F0025CD76 /* Tools */,
				8C7A0E3329D54BBB0025CD76 /* Swift files */,
				8C7A0E2F29D54B270025CD76 /* Main.swift */,
				8C3DE42B2A009F770027EED0 /* IntroductionVideo.swift */,
				8C2A248A292DB5FE008E2345 /* Profile.swift */,
				8C7A0E3129D54B490025CD76 /* Profile Subviews */,
				0E8F67D02952DB2A0014669F /* AddGoal.swift */,
				8CC6513429F2FE4200D534AD /* KeyboardObserver.swift */,
				8CC6513629F88E1E00D534AD /* Gesture_Recognizer.swift */,
				8C55824C29D8B041005680DC /* ColorSelector.swift */,
				0E8F67D62953C03F0014669F /* AddMilestone.swift */,
				8C43DB3E293032FA005B6E24 /* Tree.swift */,
				8C070DD229D642F9006FDD7D /* Tree Subviews */,
				0E8F67D82966A80C0014669F /* PostView.swift */,
				8CFEC8A42929771500D81934 /* Assets.xcassets */,
				8CFEC8A62929771500D81934 /* Preview Content */,
			);
			path = "Goalshare tree2";
			sourceTree = "<group>";
		};
		8CFEC8A62929771500D81934 /* Preview Content */ = {
			isa = PBXGroup;
			children = (
				8CFEC8A72929771500D81934 /* Preview Assets.xcassets */,
			);
			path = "Preview Content";
			sourceTree = "<group>";
		};
/* End PBXGroup section */

/* Begin PBXNativeTarget section */
		8CFEC89C2929771400D81934 /* Goalshare tree2 */ = {
			isa = PBXNativeTarget;
			buildConfigurationList = 8CFEC8AB2929771500D81934 /* Build configuration list for PBXNativeTarget "Goalshare tree2" */;
			buildPhases = (
				8CFEC8992929771400D81934 /* Sources */,
				8CFEC89A2929771400D81934 /* Frameworks */,
				8CFEC89B2929771400D81934 /* Resources */,
			);
			buildRules = (
			);
			dependencies = (
			);
			name = "Goalshare tree2";
			packageProductDependencies = (
				8C7FD53229DF576C0036266E /* SQLite */,
				8CC6512C29EA803C00D534AD /* FirebaseAnalytics */,
				8CC6512E29EA803C00D534AD /* FirebaseAnalyticsSwift */,
				8CC6513029EA803C00D534AD /* FirebaseDatabase */,
				8CC6513229EA803C00D534AD /* FirebaseDatabaseSwift */,
			);
			productName = "Goalshare tree2";
			productReference = 8CFEC89D2929771400D81934 /* Goalshare tree2.app */;
			productType = "com.apple.product-type.application";
		};
/* End PBXNativeTarget section */

/* Begin PBXProject section */
		8CFEC8952929771400D81934 /* Project object */ = {
			isa = PBXProject;
			attributes = {
				BuildIndependentTargetsInParallel = 1;
				LastSwiftUpdateCheck = 1410;
				LastUpgradeCheck = 1410;
				TargetAttributes = {
					8CFEC89C2929771400D81934 = {
						CreatedOnToolsVersion = 14.1;
					};
				};
			};
			buildConfigurationList = 8CFEC8982929771400D81934 /* Build configuration list for PBXProject "Goalshare tree2" */;
			compatibilityVersion = "Xcode 14.0";
			developmentRegion = en;
			hasScannedForEncodings = 0;
			knownRegions = (
				en,
				Base,
			);
			mainGroup = 8CFEC8942929771400D81934;
			packageReferences = (
				8C7FD53129DF576C0036266E /* XCRemoteSwiftPackageReference "SQLite.swift" */,
				8CC6512B29EA803C00D534AD /* XCRemoteSwiftPackageReference "firebase-ios-sdk" */,
			);
			productRefGroup = 8CFEC89E2929771400D81934 /* Products */;
			projectDirPath = "";
			projectRoot = "";
			targets = (
				8CFEC89C2929771400D81934 /* Goalshare tree2 */,
			);
		};
/* End PBXProject section */

/* Begin PBXResourcesBuildPhase section */
		8CFEC89B2929771400D81934 /* Resources */ = {
			isa = PBXResourcesBuildPhase;
			buildActionMask = 2147483647;
			files = (
				8CB5149D2A00B197002AC434 /* pexels-mohan-reddy-4250244-1440x2160-60fps.mp4 in Resources */,
				8CFEC8A82929771500D81934 /* Preview Assets.xcassets in Resources */,
				8C3DE42E2A00AD990027EED0 /* pexels-mohan-reddy-4250244-1440x2160-60fps.mov in Resources */,
				8CFEC8A52929771500D81934 /* Assets.xcassets in Resources */,
			);
			runOnlyForDeploymentPostprocessing = 0;
		};
/* End PBXResourcesBuildPhase section */

/* Begin PBXSourcesBuildPhase section */
		8CFEC8992929771400D81934 /* Sources */ = {
			isa = PBXSourcesBuildPhase;
			buildActionMask = 2147483647;
			files = (
				8C7A0E3029D54B270025CD76 /* Main.swift in Sources */,
				8C3DE42C2A009F770027EED0 /* IntroductionVideo.swift in Sources */,
				8C3EC7BA2954EF03005DC346 /* Milestone.swift in Sources */,
				8C7A0E3829D550930025CD76 /* GoalDisplay.swift in Sources */,
				8C070DD829D64461006FDD7D /* EmptyMilestoneMessage.swift in Sources */,
				0E8F67D32953BEB90014669F /* Camera.swift in Sources */,
				8CC6513529F2FE4200D534AD /* KeyboardObserver.swift in Sources */,
				8C2A2489292DB03B008E2345 /* PapaClass.swift in Sources */,
				8C2B2F6529D8C30400D07A99 /* Tester.swift in Sources */,
				8C2B2F6729D8C32200D07A99 /* SlideUpView.swift in Sources */,
				8CFEC8A32929771400D81934 /* MainFeed.swift in Sources */,
				8C7A0E3529D54D1E0025CD76 /* Account.swift in Sources */,
				8C070DDC29D64934006FDD7D /* MilestoneChain.swift in Sources */,
				8C43DB3F293032FA005B6E24 /* Tree.swift in Sources */,
				8C2A2485292D82EE008E2345 /* HomeScreen.swift in Sources */,
				0E8F67D12952DB2A0014669F /* AddGoal.swift in Sources */,
				8C2A248B292DB5FE008E2345 /* Profile.swift in Sources */,
				0E8F67DB2966B2350014669F /* Goal.swift in Sources */,
				0E8F67D92966A80C0014669F /* PostView.swift in Sources */,
				0E8F67D52953BF5B0014669F /* Coordinator.swift in Sources */,
				8C070DD429D6431A006FDD7D /* MilestoneImageView.swift in Sources */,
				8C070DD129D64296006FDD7D /* LineView.swift in Sources */,
				0E8F67D72953C03F0014669F /* AddMilestone.swift in Sources */,
				0EEB0B4329A71ED2009FF37C /* ProfileBubbleView.swift in Sources */,
				8CC6513729F88E1E00D534AD /* Gesture_Recognizer.swift in Sources */,
				8C55824D29D8B041005680DC /* ColorSelector.swift in Sources */,
				8C2A2487292DAA32008E2345 /* InformationPage.swift in Sources */,
			);
			runOnlyForDeploymentPostprocessing = 0;
		};
/* End PBXSourcesBuildPhase section */

/* Begin XCBuildConfiguration section */
		8CFEC8A92929771500D81934 /* Debug */ = {
			isa = XCBuildConfiguration;
			buildSettings = {
				ALWAYS_SEARCH_USER_PATHS = NO;
				CLANG_ANALYZER_NONNULL = YES;
				CLANG_ANALYZER_NUMBER_OBJECT_CONVERSION = YES_AGGRESSIVE;
				CLANG_CXX_LANGUAGE_STANDARD = "gnu++20";
				CLANG_ENABLE_MODULES = YES;
				CLANG_ENABLE_OBJC_ARC = YES;
				CLANG_ENABLE_OBJC_WEAK = YES;
				CLANG_WARN_BLOCK_CAPTURE_AUTORELEASING = YES;
				CLANG_WARN_BOOL_CONVERSION = YES;
				CLANG_WARN_COMMA = YES;
				CLANG_WARN_CONSTANT_CONVERSION = YES;
				CLANG_WARN_DEPRECATED_OBJC_IMPLEMENTATIONS = YES;
				CLANG_WARN_DIRECT_OBJC_ISA_USAGE = YES_ERROR;
				CLANG_WARN_DOCUMENTATION_COMMENTS = YES;
				CLANG_WARN_EMPTY_BODY = YES;
				CLANG_WARN_ENUM_CONVERSION = YES;
				CLANG_WARN_INFINITE_RECURSION = YES;
				CLANG_WARN_INT_CONVERSION = YES;
				CLANG_WARN_NON_LITERAL_NULL_CONVERSION = YES;
				CLANG_WARN_OBJC_IMPLICIT_RETAIN_SELF = YES;
				CLANG_WARN_OBJC_LITERAL_CONVERSION = YES;
				CLANG_WARN_OBJC_ROOT_CLASS = YES_ERROR;
				CLANG_WARN_QUOTED_INCLUDE_IN_FRAMEWORK_HEADER = YES;
				CLANG_WARN_RANGE_LOOP_ANALYSIS = YES;
				CLANG_WARN_STRICT_PROTOTYPES = YES;
				CLANG_WARN_SUSPICIOUS_MOVE = YES;
				CLANG_WARN_UNGUARDED_AVAILABILITY = YES_AGGRESSIVE;
				CLANG_WARN_UNREACHABLE_CODE = YES;
				CLANG_WARN__DUPLICATE_METHOD_MATCH = YES;
				COPY_PHASE_STRIP = NO;
				DEBUG_INFORMATION_FORMAT = dwarf;
				ENABLE_STRICT_OBJC_MSGSEND = YES;
				ENABLE_TESTABILITY = YES;
				GCC_C_LANGUAGE_STANDARD = gnu11;
				GCC_DYNAMIC_NO_PIC = NO;
				GCC_NO_COMMON_BLOCKS = YES;
				GCC_OPTIMIZATION_LEVEL = 0;
				GCC_PREPROCESSOR_DEFINITIONS = (
					"DEBUG=1",
					"$(inherited)",
				);
				GCC_WARN_64_TO_32_BIT_CONVERSION = YES;
				GCC_WARN_ABOUT_RETURN_TYPE = YES_ERROR;
				GCC_WARN_UNDECLARED_SELECTOR = YES;
				GCC_WARN_UNINITIALIZED_AUTOS = YES_AGGRESSIVE;
				GCC_WARN_UNUSED_FUNCTION = YES;
				GCC_WARN_UNUSED_VARIABLE = YES;
				IPHONEOS_DEPLOYMENT_TARGET = 16.1;
				MTL_ENABLE_DEBUG_INFO = INCLUDE_SOURCE;
				MTL_FAST_MATH = YES;
				ONLY_ACTIVE_ARCH = YES;
				SDKROOT = iphoneos;
				SWIFT_ACTIVE_COMPILATION_CONDITIONS = DEBUG;
				SWIFT_OPTIMIZATION_LEVEL = "-Onone";
			};
			name = Debug;
		};
		8CFEC8AA2929771500D81934 /* Release */ = {
			isa = XCBuildConfiguration;
			buildSettings = {
				ALWAYS_SEARCH_USER_PATHS = NO;
				CLANG_ANALYZER_NONNULL = YES;
				CLANG_ANALYZER_NUMBER_OBJECT_CONVERSION = YES_AGGRESSIVE;
				CLANG_CXX_LANGUAGE_STANDARD = "gnu++20";
				CLANG_ENABLE_MODULES = YES;
				CLANG_ENABLE_OBJC_ARC = YES;
				CLANG_ENABLE_OBJC_WEAK = YES;
				CLANG_WARN_BLOCK_CAPTURE_AUTORELEASING = YES;
				CLANG_WARN_BOOL_CONVERSION = YES;
				CLANG_WARN_COMMA = YES;
				CLANG_WARN_CONSTANT_CONVERSION = YES;
				CLANG_WARN_DEPRECATED_OBJC_IMPLEMENTATIONS = YES;
				CLANG_WARN_DIRECT_OBJC_ISA_USAGE = YES_ERROR;
				CLANG_WARN_DOCUMENTATION_COMMENTS = YES;
				CLANG_WARN_EMPTY_BODY = YES;
				CLANG_WARN_ENUM_CONVERSION = YES;
				CLANG_WARN_INFINITE_RECURSION = YES;
				CLANG_WARN_INT_CONVERSION = YES;
				CLANG_WARN_NON_LITERAL_NULL_CONVERSION = YES;
				CLANG_WARN_OBJC_IMPLICIT_RETAIN_SELF = YES;
				CLANG_WARN_OBJC_LITERAL_CONVERSION = YES;
				CLANG_WARN_OBJC_ROOT_CLASS = YES_ERROR;
				CLANG_WARN_QUOTED_INCLUDE_IN_FRAMEWORK_HEADER = YES;
				CLANG_WARN_RANGE_LOOP_ANALYSIS = YES;
				CLANG_WARN_STRICT_PROTOTYPES = YES;
				CLANG_WARN_SUSPICIOUS_MOVE = YES;
				CLANG_WARN_UNGUARDED_AVAILABILITY = YES_AGGRESSIVE;
				CLANG_WARN_UNREACHABLE_CODE = YES;
				CLANG_WARN__DUPLICATE_METHOD_MATCH = YES;
				COPY_PHASE_STRIP = NO;
				DEBUG_INFORMATION_FORMAT = "dwarf-with-dsym";
				ENABLE_NS_ASSERTIONS = NO;
				ENABLE_STRICT_OBJC_MSGSEND = YES;
				GCC_C_LANGUAGE_STANDARD = gnu11;
				GCC_NO_COMMON_BLOCKS = YES;
				GCC_WARN_64_TO_32_BIT_CONVERSION = YES;
				GCC_WARN_ABOUT_RETURN_TYPE = YES_ERROR;
				GCC_WARN_UNDECLARED_SELECTOR = YES;
				GCC_WARN_UNINITIALIZED_AUTOS = YES_AGGRESSIVE;
				GCC_WARN_UNUSED_FUNCTION = YES;
				GCC_WARN_UNUSED_VARIABLE = YES;
				IPHONEOS_DEPLOYMENT_TARGET = 16.1;
				MTL_ENABLE_DEBUG_INFO = NO;
				MTL_FAST_MATH = YES;
				SDKROOT = iphoneos;
				SWIFT_COMPILATION_MODE = wholemodule;
				SWIFT_OPTIMIZATION_LEVEL = "-O";
				VALIDATE_PRODUCT = YES;
			};
			name = Release;
		};
		8CFEC8AC2929771500D81934 /* Debug */ = {
			isa = XCBuildConfiguration;
			buildSettings = {
				ASSETCATALOG_COMPILER_APPICON_NAME = AppIcon;
				ASSETCATALOG_COMPILER_GLOBAL_ACCENT_COLOR_NAME = AccentColor;
				ASSETCATALOG_COMPILER_INCLUDE_ALL_APPICON_ASSETS = YES;
				CODE_SIGN_STYLE = Automatic;
				CURRENT_PROJECT_VERSION = 1;
				DEVELOPMENT_ASSET_PATHS = "\"Goalshare tree2/Preview Content\"";
				DEVELOPMENT_TEAM = GMR2G7RSAM;
				ENABLE_PREVIEWS = YES;
				GENERATE_INFOPLIST_FILE = YES;
				INFOPLIST_KEY_CFBundleDisplayName = Goalshare;
				INFOPLIST_KEY_NSCameraUsageDescription = "This app requires camera for adding milestone images";
				INFOPLIST_KEY_UIApplicationSceneManifest_Generation = YES;
				INFOPLIST_KEY_UIApplicationSupportsIndirectInputEvents = YES;
				INFOPLIST_KEY_UILaunchScreen_Generation = YES;
				INFOPLIST_KEY_UISupportedInterfaceOrientations_iPad = "UIInterfaceOrientationPortrait UIInterfaceOrientationPortraitUpsideDown UIInterfaceOrientationLandscapeLeft UIInterfaceOrientationLandscapeRight";
				INFOPLIST_KEY_UISupportedInterfaceOrientations_iPhone = "UIInterfaceOrientationPortrait UIInterfaceOrientationLandscapeLeft UIInterfaceOrientationLandscapeRight";
				LD_RUNPATH_SEARCH_PATHS = (
					"$(inherited)",
					"@executable_path/Frameworks",
				);
				MARKETING_VERSION = 1.0;
				PRODUCT_BUNDLE_IDENTIFIER = com.josh.Goalshare;
				PRODUCT_NAME = "$(TARGET_NAME)";
				SWIFT_EMIT_LOC_STRINGS = YES;
				SWIFT_VERSION = 5.0;
				TARGETED_DEVICE_FAMILY = "1,2";
			};
			name = Debug;
		};
		8CFEC8AD2929771500D81934 /* Release */ = {
			isa = XCBuildConfiguration;
			buildSettings = {
				ASSETCATALOG_COMPILER_APPICON_NAME = AppIcon;
				ASSETCATALOG_COMPILER_GLOBAL_ACCENT_COLOR_NAME = AccentColor;
				ASSETCATALOG_COMPILER_INCLUDE_ALL_APPICON_ASSETS = YES;
				CODE_SIGN_STYLE = Automatic;
				CURRENT_PROJECT_VERSION = 1;
				DEVELOPMENT_ASSET_PATHS = "\"Goalshare tree2/Preview Content\"";
				DEVELOPMENT_TEAM = GMR2G7RSAM;
				ENABLE_PREVIEWS = YES;
				GENERATE_INFOPLIST_FILE = YES;
				INFOPLIST_KEY_CFBundleDisplayName = Goalshare;
				INFOPLIST_KEY_NSCameraUsageDescription = "This app requires camera for adding milestone images";
				INFOPLIST_KEY_UIApplicationSceneManifest_Generation = YES;
				INFOPLIST_KEY_UIApplicationSupportsIndirectInputEvents = YES;
				INFOPLIST_KEY_UILaunchScreen_Generation = YES;
				INFOPLIST_KEY_UISupportedInterfaceOrientations_iPad = "UIInterfaceOrientationPortrait UIInterfaceOrientationPortraitUpsideDown UIInterfaceOrientationLandscapeLeft UIInterfaceOrientationLandscapeRight";
				INFOPLIST_KEY_UISupportedInterfaceOrientations_iPhone = "UIInterfaceOrientationPortrait UIInterfaceOrientationLandscapeLeft UIInterfaceOrientationLandscapeRight";
				LD_RUNPATH_SEARCH_PATHS = (
					"$(inherited)",
					"@executable_path/Frameworks",
				);
				MARKETING_VERSION = 1.0;
				PRODUCT_BUNDLE_IDENTIFIER = com.josh.Goalshare;
				PRODUCT_NAME = "$(TARGET_NAME)";
				SWIFT_EMIT_LOC_STRINGS = YES;
				SWIFT_VERSION = 5.0;
				TARGETED_DEVICE_FAMILY = "1,2";
			};
			name = Release;
		};
/* End XCBuildConfiguration section */

/* Begin XCConfigurationList section */
		8CFEC8982929771400D81934 /* Build configuration list for PBXProject "Goalshare tree2" */ = {
			isa = XCConfigurationList;
			buildConfigurations = (
				8CFEC8A92929771500D81934 /* Debug */,
				8CFEC8AA2929771500D81934 /* Release */,
			);
			defaultConfigurationIsVisible = 0;
			defaultConfigurationName = Release;
		};
		8CFEC8AB2929771500D81934 /* Build configuration list for PBXNativeTarget "Goalshare tree2" */ = {
			isa = XCConfigurationList;
			buildConfigurations = (
				8CFEC8AC2929771500D81934 /* Debug */,
				8CFEC8AD2929771500D81934 /* Release */,
			);
			defaultConfigurationIsVisible = 0;
			defaultConfigurationName = Release;
		};
/* End XCConfigurationList section */

/* Begin XCRemoteSwiftPackageReference section */
		8C7FD53129DF576C0036266E /* XCRemoteSwiftPackageReference "SQLite.swift" */ = {
			isa = XCRemoteSwiftPackageReference;
			repositoryURL = "https://github.com/stephencelis/SQLite.swift.git";
			requirement = {
				kind = upToNextMajorVersion;
				minimumVersion = 0.14.1;
			};
		};
		8CC6512B29EA803C00D534AD /* XCRemoteSwiftPackageReference "firebase-ios-sdk" */ = {
			isa = XCRemoteSwiftPackageReference;
			repositoryURL = "https://github.com/firebase/firebase-ios-sdk";
			requirement = {
				kind = upToNextMajorVersion;
				minimumVersion = 10.0.0;
			};
		};
/* End XCRemoteSwiftPackageReference section */

/* Begin XCSwiftPackageProductDependency section */
		8C7FD53229DF576C0036266E /* SQLite */ = {
			isa = XCSwiftPackageProductDependency;
			package = 8C7FD53129DF576C0036266E /* XCRemoteSwiftPackageReference "SQLite.swift" */;
			productName = SQLite;
		};
		8CC6512C29EA803C00D534AD /* FirebaseAnalytics */ = {
			isa = XCSwiftPackageProductDependency;
			package = 8CC6512B29EA803C00D534AD /* XCRemoteSwiftPackageReference "firebase-ios-sdk" */;
			productName = FirebaseAnalytics;
		};
		8CC6512E29EA803C00D534AD /* FirebaseAnalyticsSwift */ = {
			isa = XCSwiftPackageProductDependency;
			package = 8CC6512B29EA803C00D534AD /* XCRemoteSwiftPackageReference "firebase-ios-sdk" */;
			productName = FirebaseAnalyticsSwift;
		};
		8CC6513029EA803C00D534AD /* FirebaseDatabase */ = {
			isa = XCSwiftPackageProductDependency;
			package = 8CC6512B29EA803C00D534AD /* XCRemoteSwiftPackageReference "firebase-ios-sdk" */;
			productName = FirebaseDatabase;
		};
		8CC6513229EA803C00D534AD /* FirebaseDatabaseSwift */ = {
			isa = XCSwiftPackageProductDependency;
			package = 8CC6512B29EA803C00D534AD /* XCRemoteSwiftPackageReference "firebase-ios-sdk" */;
			productName = FirebaseDatabaseSwift;
		};
/* End XCSwiftPackageProductDependency section */
	};
	rootObject = 8CFEC8952929771400D81934 /* Project object */;
}
